
Microsoft Visual Studio Solution File, Format Version 12.00
# Visual Studio 2013
VisualStudioVersion = 12.0.21005.1
MinimumVisualStudioVersion = 10.0.40219.1
Project("{FAE04EC0-301F-11D3-BF4B-00C04F79EFBC}") = "TweetSharp.Tests", "TweetSharp.Tests\TweetSharp.Tests.csproj", "{D108B521-B7E1-4ED4-AB38-27A6C9685AF6}"
EndProject
Project("{FAE04EC0-301F-11D3-BF4B-00C04F79EFBC}") = "Tweetsharp.PCL", "Tweetsharp.PCL\Tweetsharp.PCL.csproj", "{9869CC4F-7410-474D-8434-FF3FDF68D08B}"
EndProject
Global
	GlobalSection(SolutionConfigurationPlatforms) = preSolution
		ClientProfiles|Any CPU = ClientProfiles|Any CPU
		Debug|Any CPU = Debug|Any CPU
		Mono|Any CPU = Mono|Any CPU
		Release|Any CPU = Release|Any CPU
	EndGlobalSection
	GlobalSection(ProjectConfigurationPlatforms) = postSolution
		{D108B521-B7E1-4ED4-AB38-27A6C9685AF6}.ClientProfiles|Any CPU.ActiveCfg = Release|Any CPU
		{D108B521-B7E1-4ED4-AB38-27A6C9685AF6}.ClientProfiles|Any CPU.Build.0 = Release|Any CPU
		{D108B521-B7E1-4ED4-AB38-27A6C9685AF6}.Debug|Any CPU.ActiveCfg = Debug|Any CPU
		{D108B521-B7E1-4ED4-AB38-27A6C9685AF6}.Debug|Any CPU.Build.0 = Debug|Any CPU
		{D108B521-B7E1-4ED4-AB38-27A6C9685AF6}.Mono|Any CPU.ActiveCfg = Release|Any CPU
		{D108B521-B7E1-4ED4-AB38-27A6C9685AF6}.Mono|Any CPU.Build.0 = Release|Any CPU
		{D108B521-B7E1-4ED4-AB38-27A6C9685AF6}.Release|Any CPU.ActiveCfg = Release|Any CPU
		{D108B521-B7E1-4ED4-AB38-27A6C9685AF6}.Release|Any CPU.Build.0 = Release|Any CPU
		{9869CC4F-7410-474D-8434-FF3FDF68D08B}.ClientProfiles|Any CPU.ActiveCfg = Release|Any CPU
		{9869CC4F-7410-474D-8434-FF3FDF68D08B}.ClientProfiles|Any CPU.Build.0 = Release|Any CPU
		{9869CC4F-7410-474D-8434-FF3FDF68D08B}.Debug|Any CPU.ActiveCfg = Debug|Any CPU
		{9869CC4F-7410-474D-8434-FF3FDF68D08B}.Debug|Any CPU.Build.0 = Debug|Any CPU
		{9869CC4F-7410-474D-8434-FF3FDF68D08B}.Mono|Any CPU.ActiveCfg = Release|Any CPU
		{9869CC4F-7410-474D-8434-FF3FDF68D08B}.Mono|Any CPU.Build.0 = Release|Any CPU
		{9869CC4F-7410-474D-8434-FF3FDF68D08B}.Release|Any CPU.ActiveCfg = Release|Any CPU
		{9869CC4F-7410-474D-8434-FF3FDF68D08B}.Release|Any CPU.Build.0 = Release|Any CPU
	EndGlobalSection
	GlobalSection(SolutionProperties) = preSolution
		HideSolutionNode = FALSE
	EndGlobalSection
EndGlobal
